
Microsoft Visual Studio Solution File, Format Version 12.00
# Visual Studio Version 16
VisualStudioVersion = 16.0.29613.14
MinimumVisualStudioVersion = 10.0.40219.1
Project("{FAE04EC0-301F-11D3-BF4B-00C04F79EFBC}") = "KosGue2", "KosGue2\KosGue2.csproj", "{42A2BF17-2DC3-4A2D-952E-A81672BA11AB}"
EndProject
Global
	GlobalSection(SolutionConfigurationPlatforms) = preSolution
		Debug|Any CPU = Debug|Any CPU
		Release|Any CPU = Release|Any CPU
	EndGlobalSection
	GlobalSection(ProjectConfigurationPlatforms) = postSolution
		{42A2BF17-2DC3-4A2D-952E-A81672BA11AB}.Debug|Any CPU.ActiveCfg = Debug|Any CPU
		{42A2BF17-2DC3-4A2D-952E-A81672BA11AB}.Debug|Any CPU.Build.0 = Debug|Any CPU
		{42A2BF17-2DC3-4A2D-952E-A81672BA11AB}.Release|Any CPU.ActiveCfg = Release|Any CPU
		{42A2BF17-2DC3-4A2D-952E-A81672BA11AB}.Release|Any CPU.Build.0 = Release|Any CPU
	EndGlobalSection
	GlobalSection(SolutionProperties) = preSolution
		HideSolutionNode = FALSE
	EndGlobalSection
	GlobalSection(ExtensibilityGlobals) = postSolution
		SolutionGuid = {72FA7120-F970-4D07-8F54-B876CB2FE130}
	EndGlobalSection
EndGlobal
